
Microsoft Visual Studio Solution File, Format Version 12.00
# Visual Studio Version 16
VisualStudioVersion = 16.0.30517.126
MinimumVisualStudioVersion = 10.0.40219.1
Project("{FAE04EC0-301F-11D3-BF4B-00C04F79EFBC}") = "MatrixRotation", "MatrixRotation.csproj", "{115A9435-16D2-486C-964B-263AA89432D1}"
EndProject
Global
	GlobalSection(SolutionConfigurationPlatforms) = preSolution
		Debug|Any CPU = Debug|Any CPU
		Release|Any CPU = Release|Any CPU
	EndGlobalSection
	GlobalSection(ProjectConfigurationPlatforms) = postSolution
		{115A9435-16D2-486C-964B-263AA89432D1}.Debug|Any CPU.ActiveCfg = Debug|Any CPU
		{115A9435-16D2-486C-964B-263AA89432D1}.Debug|Any CPU.Build.0 = Debug|Any CPU
		{115A9435-16D2-486C-964B-263AA89432D1}.Release|Any CPU.ActiveCfg = Release|Any CPU
		{115A9435-16D2-486C-964B-263AA89432D1}.Release|Any CPU.Build.0 = Release|Any CPU
	EndGlobalSection
	GlobalSection(SolutionProperties) = preSolution
		HideSolutionNode = FALSE
	EndGlobalSection
	GlobalSection(ExtensibilityGlobals) = postSolution
		SolutionGuid = {BDF5C6FE-9C78-4C9D-9D0B-0F44E939AC9A}
	EndGlobalSection
EndGlobal
