
Microsoft Visual Studio Solution File, Format Version 12.00
# Visual Studio Version 16
VisualStudioVersion = 16.0.30413.136
MinimumVisualStudioVersion = 10.0.40219.1
Project("{FAE04EC0-301F-11D3-BF4B-00C04F79EFBC}") = "FavouriteNumber", "FavouriteNumber.csproj", "{2A29F854-16CE-4274-ABF9-090311C35621}"
EndProject
Global
	GlobalSection(SolutionConfigurationPlatforms) = preSolution
		Debug|Any CPU = Debug|Any CPU
		Release|Any CPU = Release|Any CPU
	EndGlobalSection
	GlobalSection(ProjectConfigurationPlatforms) = postSolution
		{2A29F854-16CE-4274-ABF9-090311C35621}.Debug|Any CPU.ActiveCfg = Debug|Any CPU
		{2A29F854-16CE-4274-ABF9-090311C35621}.Debug|Any CPU.Build.0 = Debug|Any CPU
		{2A29F854-16CE-4274-ABF9-090311C35621}.Release|Any CPU.ActiveCfg = Release|Any CPU
		{2A29F854-16CE-4274-ABF9-090311C35621}.Release|Any CPU.Build.0 = Release|Any CPU
	EndGlobalSection
	GlobalSection(SolutionProperties) = preSolution
		HideSolutionNode = FALSE
	EndGlobalSection
	GlobalSection(ExtensibilityGlobals) = postSolution
		SolutionGuid = {E8133C8C-2FD3-48B7-A470-B3835C8D2E1F}
	EndGlobalSection
EndGlobal
