
Microsoft Visual Studio Solution File, Format Version 12.00
# Visual Studio Version 16
VisualStudioVersion = 16.0.30503.244
MinimumVisualStudioVersion = 10.0.40219.1
Project("{9A19103F-16F7-4668-BE54-9A1E7A4F7556}") = "Programs", "Programs.csproj", "{F1828914-A603-41A9-BB2A-3A5587E80299}"
EndProject
Project("{9A19103F-16F7-4668-BE54-9A1E7A4F7556}") = "Test", "..\NewCalculatorTest\Test.csproj", "{CF1678BA-3277-41F6-92A6-EF6E7BF90BC2}"
EndProject
Global
	GlobalSection(SolutionConfigurationPlatforms) = preSolution
		Debug|Any CPU = Debug|Any CPU
		Release|Any CPU = Release|Any CPU
	EndGlobalSection
	GlobalSection(ProjectConfigurationPlatforms) = postSolution
		{F1828914-A603-41A9-BB2A-3A5587E80299}.Debug|Any CPU.ActiveCfg = Debug|Any CPU
		{F1828914-A603-41A9-BB2A-3A5587E80299}.Debug|Any CPU.Build.0 = Debug|Any CPU
		{F1828914-A603-41A9-BB2A-3A5587E80299}.Release|Any CPU.ActiveCfg = Release|Any CPU
		{F1828914-A603-41A9-BB2A-3A5587E80299}.Release|Any CPU.Build.0 = Release|Any CPU
		{CF1678BA-3277-41F6-92A6-EF6E7BF90BC2}.Debug|Any CPU.ActiveCfg = Debug|Any CPU
		{CF1678BA-3277-41F6-92A6-EF6E7BF90BC2}.Debug|Any CPU.Build.0 = Debug|Any CPU
		{CF1678BA-3277-41F6-92A6-EF6E7BF90BC2}.Release|Any CPU.ActiveCfg = Release|Any CPU
		{CF1678BA-3277-41F6-92A6-EF6E7BF90BC2}.Release|Any CPU.Build.0 = Release|Any CPU
	EndGlobalSection
	GlobalSection(SolutionProperties) = preSolution
		HideSolutionNode = FALSE
	EndGlobalSection
	GlobalSection(ExtensibilityGlobals) = postSolution
		SolutionGuid = {F518CAEB-E1ED-473E-B1FB-7CB98C7EAA61}
	EndGlobalSection
EndGlobal
