
Microsoft Visual Studio Solution File, Format Version 12.00
# Visual Studio Version 16
VisualStudioVersion = 16.0.30413.136
MinimumVisualStudioVersion = 10.0.40219.1
Project("{FAE04EC0-301F-11D3-BF4B-00C04F79EFBC}") = "HumptyDumpty", "HumptyDumpty.csproj", "{186BE899-4B8E-4061-B447-130023005867}"
EndProject
Global
	GlobalSection(SolutionConfigurationPlatforms) = preSolution
		Debug|Any CPU = Debug|Any CPU
		Release|Any CPU = Release|Any CPU
	EndGlobalSection
	GlobalSection(ProjectConfigurationPlatforms) = postSolution
		{186BE899-4B8E-4061-B447-130023005867}.Debug|Any CPU.ActiveCfg = Debug|Any CPU
		{186BE899-4B8E-4061-B447-130023005867}.Debug|Any CPU.Build.0 = Debug|Any CPU
		{186BE899-4B8E-4061-B447-130023005867}.Release|Any CPU.ActiveCfg = Release|Any CPU
		{186BE899-4B8E-4061-B447-130023005867}.Release|Any CPU.Build.0 = Release|Any CPU
	EndGlobalSection
	GlobalSection(SolutionProperties) = preSolution
		HideSolutionNode = FALSE
	EndGlobalSection
	GlobalSection(ExtensibilityGlobals) = postSolution
		SolutionGuid = {58B35D07-B2E2-4551-B715-486D98BD2D12}
	EndGlobalSection
EndGlobal
