
Microsoft Visual Studio Solution File, Format Version 12.00
# Visual Studio Version 16
VisualStudioVersion = 16.0.30503.244
MinimumVisualStudioVersion = 10.0.40219.1
Project("{FAE04EC0-301F-11D3-BF4B-00C04F79EFBC}") = "TestingExercise", "TestingExercise.csproj", "{6C7454A2-D360-48D8-94BA-05F05CC2D438}"
EndProject
Project("{FAE04EC0-301F-11D3-BF4B-00C04F79EFBC}") = "xUnit", "bin\xUnit\xUnit.csproj", "{1CE2AF98-D39A-43CF-A804-902A38033705}"
EndProject
Global
	GlobalSection(SolutionConfigurationPlatforms) = preSolution
		Debug|Any CPU = Debug|Any CPU
		Release|Any CPU = Release|Any CPU
	EndGlobalSection
	GlobalSection(ProjectConfigurationPlatforms) = postSolution
		{6C7454A2-D360-48D8-94BA-05F05CC2D438}.Debug|Any CPU.ActiveCfg = Debug|Any CPU
		{6C7454A2-D360-48D8-94BA-05F05CC2D438}.Debug|Any CPU.Build.0 = Debug|Any CPU
		{6C7454A2-D360-48D8-94BA-05F05CC2D438}.Release|Any CPU.ActiveCfg = Release|Any CPU
		{6C7454A2-D360-48D8-94BA-05F05CC2D438}.Release|Any CPU.Build.0 = Release|Any CPU
		{1CE2AF98-D39A-43CF-A804-902A38033705}.Debug|Any CPU.ActiveCfg = Debug|Any CPU
		{1CE2AF98-D39A-43CF-A804-902A38033705}.Debug|Any CPU.Build.0 = Debug|Any CPU
		{1CE2AF98-D39A-43CF-A804-902A38033705}.Release|Any CPU.ActiveCfg = Release|Any CPU
		{1CE2AF98-D39A-43CF-A804-902A38033705}.Release|Any CPU.Build.0 = Release|Any CPU
	EndGlobalSection
	GlobalSection(SolutionProperties) = preSolution
		HideSolutionNode = FALSE
	EndGlobalSection
	GlobalSection(ExtensibilityGlobals) = postSolution
		SolutionGuid = {BE618951-E1A4-43BF-A30F-D37777F6BDB7}
	EndGlobalSection
EndGlobal
