
Microsoft Visual Studio Solution File, Format Version 12.00
# Visual Studio Version 16
VisualStudioVersion = 16.0.30413.136
MinimumVisualStudioVersion = 10.0.40219.1
Project("{FAE04EC0-301F-11D3-BF4B-00C04F79EFBC}") = "AverageOfInput", "AverageOfInput.csproj", "{BF92E705-47DE-45BA-A5AA-86A7B9A2E653}"
EndProject
Global
	GlobalSection(SolutionConfigurationPlatforms) = preSolution
		Debug|Any CPU = Debug|Any CPU
		Release|Any CPU = Release|Any CPU
	EndGlobalSection
	GlobalSection(ProjectConfigurationPlatforms) = postSolution
		{BF92E705-47DE-45BA-A5AA-86A7B9A2E653}.Debug|Any CPU.ActiveCfg = Debug|Any CPU
		{BF92E705-47DE-45BA-A5AA-86A7B9A2E653}.Debug|Any CPU.Build.0 = Debug|Any CPU
		{BF92E705-47DE-45BA-A5AA-86A7B9A2E653}.Release|Any CPU.ActiveCfg = Release|Any CPU
		{BF92E705-47DE-45BA-A5AA-86A7B9A2E653}.Release|Any CPU.Build.0 = Release|Any CPU
	EndGlobalSection
	GlobalSection(SolutionProperties) = preSolution
		HideSolutionNode = FALSE
	EndGlobalSection
	GlobalSection(ExtensibilityGlobals) = postSolution
		SolutionGuid = {273F6B58-7481-45FC-92F0-9391D944D1B0}
	EndGlobalSection
EndGlobal
