
Microsoft Visual Studio Solution File, Format Version 12.00
# Visual Studio Version 16
VisualStudioVersion = 16.0.30413.136
MinimumVisualStudioVersion = 10.0.40219.1
Project("{FAE04EC0-301F-11D3-BF4B-00C04F79EFBC}") = "VariableMutation", "VariableMutation.csproj", "{5E7A3B7C-C86A-4546-B95F-800BD3534552}"
EndProject
Global
	GlobalSection(SolutionConfigurationPlatforms) = preSolution
		Debug|Any CPU = Debug|Any CPU
		Release|Any CPU = Release|Any CPU
	EndGlobalSection
	GlobalSection(ProjectConfigurationPlatforms) = postSolution
		{5E7A3B7C-C86A-4546-B95F-800BD3534552}.Debug|Any CPU.ActiveCfg = Debug|Any CPU
		{5E7A3B7C-C86A-4546-B95F-800BD3534552}.Debug|Any CPU.Build.0 = Debug|Any CPU
		{5E7A3B7C-C86A-4546-B95F-800BD3534552}.Release|Any CPU.ActiveCfg = Release|Any CPU
		{5E7A3B7C-C86A-4546-B95F-800BD3534552}.Release|Any CPU.Build.0 = Release|Any CPU
	EndGlobalSection
	GlobalSection(SolutionProperties) = preSolution
		HideSolutionNode = FALSE
	EndGlobalSection
	GlobalSection(ExtensibilityGlobals) = postSolution
		SolutionGuid = {A1EF2002-6347-4DCA-B79C-E2CF18AD24F0}
	EndGlobalSection
EndGlobal
