
Microsoft Visual Studio Solution File, Format Version 12.00
# Visual Studio Version 16
VisualStudioVersion = 16.0.30503.244
MinimumVisualStudioVersion = 10.0.40219.1
Project("{FAE04EC0-301F-11D3-BF4B-00C04F79EFBC}") = "Domino", "Domino.csproj", "{85C88D9D-C182-4327-A6A0-2E21C4B96642}"
EndProject
Global
	GlobalSection(SolutionConfigurationPlatforms) = preSolution
		Debug|Any CPU = Debug|Any CPU
		Release|Any CPU = Release|Any CPU
	EndGlobalSection
	GlobalSection(ProjectConfigurationPlatforms) = postSolution
		{85C88D9D-C182-4327-A6A0-2E21C4B96642}.Debug|Any CPU.ActiveCfg = Debug|Any CPU
		{85C88D9D-C182-4327-A6A0-2E21C4B96642}.Debug|Any CPU.Build.0 = Debug|Any CPU
		{85C88D9D-C182-4327-A6A0-2E21C4B96642}.Release|Any CPU.ActiveCfg = Release|Any CPU
		{85C88D9D-C182-4327-A6A0-2E21C4B96642}.Release|Any CPU.Build.0 = Release|Any CPU
	EndGlobalSection
	GlobalSection(SolutionProperties) = preSolution
		HideSolutionNode = FALSE
	EndGlobalSection
	GlobalSection(ExtensibilityGlobals) = postSolution
		SolutionGuid = {73E0AD51-C1E6-41D0-82B6-E5D1BC97CD59}
	EndGlobalSection
EndGlobal
