
Microsoft Visual Studio Solution File, Format Version 12.00
# Visual Studio Version 16
VisualStudioVersion = 16.0.30413.136
MinimumVisualStudioVersion = 10.0.40219.1
Project("{FAE04EC0-301F-11D3-BF4B-00C04F79EFBC}") = "Cuboid", "Cuboid.csproj", "{FE2DC880-2891-401E-A44A-0952122D986E}"
EndProject
Global
	GlobalSection(SolutionConfigurationPlatforms) = preSolution
		Debug|Any CPU = Debug|Any CPU
		Release|Any CPU = Release|Any CPU
	EndGlobalSection
	GlobalSection(ProjectConfigurationPlatforms) = postSolution
		{FE2DC880-2891-401E-A44A-0952122D986E}.Debug|Any CPU.ActiveCfg = Debug|Any CPU
		{FE2DC880-2891-401E-A44A-0952122D986E}.Debug|Any CPU.Build.0 = Debug|Any CPU
		{FE2DC880-2891-401E-A44A-0952122D986E}.Release|Any CPU.ActiveCfg = Release|Any CPU
		{FE2DC880-2891-401E-A44A-0952122D986E}.Release|Any CPU.Build.0 = Release|Any CPU
	EndGlobalSection
	GlobalSection(SolutionProperties) = preSolution
		HideSolutionNode = FALSE
	EndGlobalSection
	GlobalSection(ExtensibilityGlobals) = postSolution
		SolutionGuid = {D1726EF6-3D81-4CFB-8B52-68E9BE58E95A}
	EndGlobalSection
EndGlobal
