
Microsoft Visual Studio Solution File, Format Version 12.00
# Visual Studio Version 16
VisualStudioVersion = 16.0.30503.244
MinimumVisualStudioVersion = 10.0.40219.1
Project("{FAE04EC0-301F-11D3-BF4B-00C04F79EFBC}") = "Classes", "Classes.csproj", "{FD0B1972-A2AD-44ED-BD92-38423FC1843C}"
EndProject
Global
	GlobalSection(SolutionConfigurationPlatforms) = preSolution
		Debug|Any CPU = Debug|Any CPU
		Release|Any CPU = Release|Any CPU
	EndGlobalSection
	GlobalSection(ProjectConfigurationPlatforms) = postSolution
		{FD0B1972-A2AD-44ED-BD92-38423FC1843C}.Debug|Any CPU.ActiveCfg = Debug|Any CPU
		{FD0B1972-A2AD-44ED-BD92-38423FC1843C}.Debug|Any CPU.Build.0 = Debug|Any CPU
		{FD0B1972-A2AD-44ED-BD92-38423FC1843C}.Release|Any CPU.ActiveCfg = Release|Any CPU
		{FD0B1972-A2AD-44ED-BD92-38423FC1843C}.Release|Any CPU.Build.0 = Release|Any CPU
	EndGlobalSection
	GlobalSection(SolutionProperties) = preSolution
		HideSolutionNode = FALSE
	EndGlobalSection
	GlobalSection(ExtensibilityGlobals) = postSolution
		SolutionGuid = {6E05095B-4B91-45E6-8354-3146E6DA862A}
	EndGlobalSection
EndGlobal
